
Microsoft Visual Studio Solution File, Format Version 12.00
# Visual Studio 14
VisualStudioVersion = 14.0.25420.1
MinimumVisualStudioVersion = 10.0.40219.1
Project("{FAE04EC0-301F-11D3-BF4B-00C04F79EFBC}") = "2012117366-CON", "2012117366-CON\2012117366-CON.csproj", "{78ED9B1F-71CA-4C54-B1CF-BEC8A8F08607}"
EndProject
Project("{FAE04EC0-301F-11D3-BF4B-00C04F79EFBC}") = "2012117366-ENT", "2012117366-ENT\2012117366-ENT.csproj", "{CC4B0038-2319-4EB0-B576-E87A39FEF95E}"
EndProject
Project("{FAE04EC0-301F-11D3-BF4B-00C04F79EFBC}") = "2012117366-PER", "2012117366-PER\2012117366-PER.csproj", "{442010B9-0189-4FF0-BF59-C50E4588D63D}"
EndProject
Global
	GlobalSection(SolutionConfigurationPlatforms) = preSolution
		Debug|Any CPU = Debug|Any CPU
		Release|Any CPU = Release|Any CPU
	EndGlobalSection
	GlobalSection(ProjectConfigurationPlatforms) = postSolution
		{78ED9B1F-71CA-4C54-B1CF-BEC8A8F08607}.Debug|Any CPU.ActiveCfg = Debug|Any CPU
		{78ED9B1F-71CA-4C54-B1CF-BEC8A8F08607}.Debug|Any CPU.Build.0 = Debug|Any CPU
		{78ED9B1F-71CA-4C54-B1CF-BEC8A8F08607}.Release|Any CPU.ActiveCfg = Release|Any CPU
		{78ED9B1F-71CA-4C54-B1CF-BEC8A8F08607}.Release|Any CPU.Build.0 = Release|Any CPU
		{CC4B0038-2319-4EB0-B576-E87A39FEF95E}.Debug|Any CPU.ActiveCfg = Debug|Any CPU
		{CC4B0038-2319-4EB0-B576-E87A39FEF95E}.Debug|Any CPU.Build.0 = Debug|Any CPU
		{CC4B0038-2319-4EB0-B576-E87A39FEF95E}.Release|Any CPU.ActiveCfg = Release|Any CPU
		{CC4B0038-2319-4EB0-B576-E87A39FEF95E}.Release|Any CPU.Build.0 = Release|Any CPU
		{442010B9-0189-4FF0-BF59-C50E4588D63D}.Debug|Any CPU.ActiveCfg = Debug|Any CPU
		{442010B9-0189-4FF0-BF59-C50E4588D63D}.Debug|Any CPU.Build.0 = Debug|Any CPU
		{442010B9-0189-4FF0-BF59-C50E4588D63D}.Release|Any CPU.ActiveCfg = Release|Any CPU
		{442010B9-0189-4FF0-BF59-C50E4588D63D}.Release|Any CPU.Build.0 = Release|Any CPU
	EndGlobalSection
	GlobalSection(SolutionProperties) = preSolution
		HideSolutionNode = FALSE
	EndGlobalSection
EndGlobal
